
Microsoft Visual Studio Solution File, Format Version 12.00
# Visual Studio Version 17
VisualStudioVersion = 17.5.33516.290
MinimumVisualStudioVersion = 10.0.40219.1
Project("{9A19103F-16F7-4668-BE54-9A1E7A4F7556}") = "Login", "Login.csproj", "{2BBE4552-0475-4349-B650-0D64A7DCD0C0}"
EndProject
Project("{9A19103F-16F7-4668-BE54-9A1E7A4F7556}") = "FormHome", "..\WinFormsApp2\FormHome.csproj", "{539F4A12-AF11-438A-8D89-6AEE2E85CEF4}"
EndProject
Global
	GlobalSection(SolutionConfigurationPlatforms) = preSolution
		Debug|Any CPU = Debug|Any CPU
		Release|Any CPU = Release|Any CPU
	EndGlobalSection
	GlobalSection(ProjectConfigurationPlatforms) = postSolution
		{2BBE4552-0475-4349-B650-0D64A7DCD0C0}.Debug|Any CPU.ActiveCfg = Debug|Any CPU
		{2BBE4552-0475-4349-B650-0D64A7DCD0C0}.Debug|Any CPU.Build.0 = Debug|Any CPU
		{2BBE4552-0475-4349-B650-0D64A7DCD0C0}.Release|Any CPU.ActiveCfg = Release|Any CPU
		{2BBE4552-0475-4349-B650-0D64A7DCD0C0}.Release|Any CPU.Build.0 = Release|Any CPU
		{539F4A12-AF11-438A-8D89-6AEE2E85CEF4}.Debug|Any CPU.ActiveCfg = Debug|Any CPU
		{539F4A12-AF11-438A-8D89-6AEE2E85CEF4}.Debug|Any CPU.Build.0 = Debug|Any CPU
		{539F4A12-AF11-438A-8D89-6AEE2E85CEF4}.Release|Any CPU.ActiveCfg = Release|Any CPU
		{539F4A12-AF11-438A-8D89-6AEE2E85CEF4}.Release|Any CPU.Build.0 = Release|Any CPU
	EndGlobalSection
	GlobalSection(SolutionProperties) = preSolution
		HideSolutionNode = FALSE
	EndGlobalSection
	GlobalSection(ExtensibilityGlobals) = postSolution
		SolutionGuid = {8CB050C9-D6EC-4452-B981-448459A1EAF4}
	EndGlobalSection
EndGlobal
